hash: d5df074851f515ca341a8c175a2710568be748be22c242c3d00f70e8afb819d8
updated: 2017-12-28T00:42:30.782237471+09:00
imports:
- name: github.com/pkg/errors
  version: 645ef00459ed84a119197bfb8d8205042c6df63d
- name: github.com/satori/go.uuid
  version: 879c5887cd475cd7864858769793b2ceb0d44feb
- name: gopkg.in/yaml.v2
  version: a5b47d31c556af34a302ce5d659e6fea44d90de0
testImports: []
